
Microsoft Visual Studio Solution File, Format Version 12.00
# Visual Studio Version 16
VisualStudioVersion = 16.0.31005.135
MinimumVisualStudioVersion = 10.0.40219.1
Project("{FAE04EC0-301F-11D3-BF4B-00C04F79EFBC}") = "rngtest", "rngtest\rngtest.csproj", "{285540DD-EB5A-4403-8633-B1EEA2C0DDCF}"
EndProject
Global
	GlobalSection(SolutionConfigurationPlatforms) = preSolution
		Debug|Any CPU = Debug|Any CPU
		Release|Any CPU = Release|Any CPU
	EndGlobalSection
	GlobalSection(ProjectConfigurationPlatforms) = postSolution
		{285540DD-EB5A-4403-8633-B1EEA2C0DDCF}.Debug|Any CPU.ActiveCfg = Debug|Any CPU
		{285540DD-EB5A-4403-8633-B1EEA2C0DDCF}.Debug|Any CPU.Build.0 = Debug|Any CPU
		{285540DD-EB5A-4403-8633-B1EEA2C0DDCF}.Release|Any CPU.ActiveCfg = Release|Any CPU
		{285540DD-EB5A-4403-8633-B1EEA2C0DDCF}.Release|Any CPU.Build.0 = Release|Any CPU
	EndGlobalSection
	GlobalSection(SolutionProperties) = preSolution
		HideSolutionNode = FALSE
	EndGlobalSection
	GlobalSection(ExtensibilityGlobals) = postSolution
		SolutionGuid = {6B1C10BF-DB7C-4DA5-8946-D034C5CE53D6}
	EndGlobalSection
EndGlobal
